
Microsoft Visual Studio Solution File, Format Version 12.00
# Visual Studio Version 16
VisualStudioVersion = 16.0.30523.141
MinimumVisualStudioVersion = 10.0.40219.1
Project("{FAE04EC0-301F-11D3-BF4B-00C04F79EFBC}") = "IronyExplorer.GrammarExplorer", "src\IronyExplorer.GrammarExplorer\IronyExplorer.GrammarExplorer.csproj", "{BA6C3D6A-9240-45FD-A63B-506EE43A5CA6}"
EndProject
Global
	GlobalSection(SolutionConfigurationPlatforms) = preSolution
		Debug|Any CPU = Debug|Any CPU
		Release|Any CPU = Release|Any CPU
	EndGlobalSection
	GlobalSection(ProjectConfigurationPlatforms) = postSolution
		{BA6C3D6A-9240-45FD-A63B-506EE43A5CA6}.Debug|Any CPU.ActiveCfg = Debug|Any CPU
		{BA6C3D6A-9240-45FD-A63B-506EE43A5CA6}.Debug|Any CPU.Build.0 = Debug|Any CPU
		{BA6C3D6A-9240-45FD-A63B-506EE43A5CA6}.Release|Any CPU.ActiveCfg = Release|Any CPU
		{BA6C3D6A-9240-45FD-A63B-506EE43A5CA6}.Release|Any CPU.Build.0 = Release|Any CPU
	EndGlobalSection
	GlobalSection(SolutionProperties) = preSolution
		HideSolutionNode = FALSE
	EndGlobalSection
	GlobalSection(ExtensibilityGlobals) = postSolution
		SolutionGuid = {D4728483-C872-4FDA-B678-FE7C76088984}
	EndGlobalSection
EndGlobal
