
Microsoft Visual Studio Solution File, Format Version 12.00
# Visual Studio 2013
VisualStudioVersion = 12.0.31101.0
MinimumVisualStudioVersion = 10.0.40219.1
Project("{FAE04EC0-301F-11D3-BF4B-00C04F79EFBC}") = "XLParser", "XLParser\XLParser.csproj", "{FB048D20-29FD-4D2C-A336-59F93F9A68F3}"
EndProject
Project("{FAE04EC0-301F-11D3-BF4B-00C04F79EFBC}") = "XLParser.Tests", "XLParser.Tests\XLParser.Tests.csproj", "{699A456A-7028-41EA-9CD0-96D1ED4DDF75}"
EndProject
Global
	GlobalSection(SolutionConfigurationPlatforms) = preSolution
		Build|Any CPU = Build|Any CPU
		Debug|Any CPU = Debug|Any CPU
		Production|Any CPU = Production|Any CPU
		Release|Any CPU = Release|Any CPU
		Staging|Any CPU = Staging|Any CPU
	EndGlobalSection
	GlobalSection(ProjectConfigurationPlatforms) = postSolution
		{FB048D20-29FD-4D2C-A336-59F93F9A68F3}.Build|Any CPU.ActiveCfg = Release|Any CPU
		{FB048D20-29FD-4D2C-A336-59F93F9A68F3}.Build|Any CPU.Build.0 = Release|Any CPU
		{FB048D20-29FD-4D2C-A336-59F93F9A68F3}.Debug|Any CPU.ActiveCfg = Debug|Any CPU
		{FB048D20-29FD-4D2C-A336-59F93F9A68F3}.Debug|Any CPU.Build.0 = Debug|Any CPU
		{FB048D20-29FD-4D2C-A336-59F93F9A68F3}.Production|Any CPU.ActiveCfg = Release|Any CPU
		{FB048D20-29FD-4D2C-A336-59F93F9A68F3}.Production|Any CPU.Build.0 = Release|Any CPU
		{FB048D20-29FD-4D2C-A336-59F93F9A68F3}.Release|Any CPU.ActiveCfg = Release|Any CPU
		{FB048D20-29FD-4D2C-A336-59F93F9A68F3}.Release|Any CPU.Build.0 = Release|Any CPU
		{FB048D20-29FD-4D2C-A336-59F93F9A68F3}.Staging|Any CPU.ActiveCfg = Release|Any CPU
		{FB048D20-29FD-4D2C-A336-59F93F9A68F3}.Staging|Any CPU.Build.0 = Release|Any CPU
		{699A456A-7028-41EA-9CD0-96D1ED4DDF75}.Build|Any CPU.ActiveCfg = Release|Any CPU
		{699A456A-7028-41EA-9CD0-96D1ED4DDF75}.Build|Any CPU.Build.0 = Release|Any CPU
		{699A456A-7028-41EA-9CD0-96D1ED4DDF75}.Debug|Any CPU.ActiveCfg = Debug|Any CPU
		{699A456A-7028-41EA-9CD0-96D1ED4DDF75}.Debug|Any CPU.Build.0 = Debug|Any CPU
		{699A456A-7028-41EA-9CD0-96D1ED4DDF75}.Production|Any CPU.ActiveCfg = Release|Any CPU
		{699A456A-7028-41EA-9CD0-96D1ED4DDF75}.Production|Any CPU.Build.0 = Release|Any CPU
		{699A456A-7028-41EA-9CD0-96D1ED4DDF75}.Release|Any CPU.ActiveCfg = Release|Any CPU
		{699A456A-7028-41EA-9CD0-96D1ED4DDF75}.Release|Any CPU.Build.0 = Release|Any CPU
		{699A456A-7028-41EA-9CD0-96D1ED4DDF75}.Staging|Any CPU.ActiveCfg = Release|Any CPU
		{699A456A-7028-41EA-9CD0-96D1ED4DDF75}.Staging|Any CPU.Build.0 = Release|Any CPU
	EndGlobalSection
	GlobalSection(SolutionProperties) = preSolution
		HideSolutionNode = FALSE
	EndGlobalSection
EndGlobal
