
Microsoft Visual Studio Solution File, Format Version 12.00
# Visual Studio Version 17
VisualStudioVersion = 17.6.33723.286
MinimumVisualStudioVersion = 10.0.40219.1
Project("{9A19103F-16F7-4668-BE54-9A1E7A4F7556}") = "XLParser", "XLParser\XLParser.csproj", "{FB048D20-29FD-4D2C-A336-59F93F9A68F3}"
EndProject
Project("{9A19103F-16F7-4668-BE54-9A1E7A4F7556}") = "XLParser.Tests", "XLParser.Tests\XLParser.Tests.csproj", "{699A456A-7028-41EA-9CD0-96D1ED4DDF75}"
EndProject
Global
	GlobalSection(SolutionConfigurationPlatforms) = preSolution
		Debug|Any CPU = Debug|Any CPU
		Release|Any CPU = Release|Any CPU
	EndGlobalSection
	GlobalSection(ProjectConfigurationPlatforms) = postSolution
		{FB048D20-29FD-4D2C-A336-59F93F9A68F3}.Debug|Any CPU.ActiveCfg = Debug|Any CPU
		{FB048D20-29FD-4D2C-A336-59F93F9A68F3}.Debug|Any CPU.Build.0 = Debug|Any CPU
		{FB048D20-29FD-4D2C-A336-59F93F9A68F3}.Release|Any CPU.ActiveCfg = Release|Any CPU
		{FB048D20-29FD-4D2C-A336-59F93F9A68F3}.Release|Any CPU.Build.0 = Release|Any CPU
		{699A456A-7028-41EA-9CD0-96D1ED4DDF75}.Debug|Any CPU.ActiveCfg = Debug|Any CPU
		{699A456A-7028-41EA-9CD0-96D1ED4DDF75}.Debug|Any CPU.Build.0 = Debug|Any CPU
		{699A456A-7028-41EA-9CD0-96D1ED4DDF75}.Release|Any CPU.ActiveCfg = Release|Any CPU
		{699A456A-7028-41EA-9CD0-96D1ED4DDF75}.Release|Any CPU.Build.0 = Release|Any CPU
	EndGlobalSection
	GlobalSection(SolutionProperties) = preSolution
		HideSolutionNode = FALSE
	EndGlobalSection
	GlobalSection(ExtensibilityGlobals) = postSolution
		SolutionGuid = {B7C2C9DF-98E2-4A6C-A284-14B952D1EA6D}
	EndGlobalSection
EndGlobal
